lockfileVersion: '9.0'

settings:
  autoInstallPeers: true
  excludeLinksFromLockfile: false

importers:

  .:
    devDependencies:
      ajv:
        specifier: 8.20.0
        version: 8.20.0
      ajv-formats:
        specifier: 3.0.1
        version: 3.0.1(ajv@8.20.0)
      json-schema-to-typescript:
        specifier: 16.0.0
        version: 16.0.0
      quicktype-core:
        specifier: 26.0.0
        version: 26.0.0
      typescript:
        specifier: 5.9.3
        version: 5.9.3

  contracts:
    dependencies:
      ajv-formats:
        specifier: 3.0.1
        version: 3.0.1(ajv@8.20.0)
      effect:
        specifier: 3.22.1
        version: 3.22.1

packages:

  '@apidevtools/json-schema-ref-parser@11.9.3':
    resolution: { integrity: sha1-DgyQYfxBzwNzfUmaTmqCmf3Sv6c= }
    engines: { node: '>= 16' }

  '@glideapps/ts-necessities@2.2.3':
    resolution: { integrity: sha1-YuJbOhrOi4w/R+VeZtEBoKhU6yM= }

  '@jsdevtools/ono@7.1.3':
    resolution: { integrity: sha1-nfA7vXxpalxYiFw0qgbaQchUN5Y= }

  '@standard-schema/spec@1.1.0':
    resolution: { integrity: sha1-p5tV26+GBIEvUtFAssmrQbwVC7g= }

  '@types/json-schema@7.0.15':
    resolution: { integrity: sha1-WWoXRyM2lNUPatinhp/Lb1bPWEE= }

  '@types/lodash@4.17.25':
    resolution: { integrity: sha1-aXZax7zdsOsHKWHPKSUkqPWzwsA= }

  '@types/node@26.4.1':
    resolution: { integrity: sha1-PY3IBRWJSVhEjuJmz11rw+UgW9U= }

  '@types/readable-stream@4.0.10':
    resolution: { integrity: sha1-AJu4DVIRYZzcy+CkwHWuGO9S6rE= }

  '@types/urijs@1.19.26':
    resolution: { integrity: sha1-UA/JkS4LoB1jVICXC9yboPRde8Y= }

  abort-controller@3.0.0:
    resolution: { integrity: sha1-6vVNU7YrrkE46AnKIlyEOabvs5I= }
    engines: { node: '>=6.5' }

  ajv-formats@3.0.1:
    resolution: { integrity: sha1-PV3HYryhdnnDwup+kK1rdTIwlXg= }
    peerDependencies:
      ajv: ^8.0.0
    peerDependenciesMeta:
      ajv:
        optional: true

  ajv@8.20.0:
    resolution: { integrity: sha1-MEs2Nq3Yi6fZNnYN1Q7OAG3qlfk= }

  argparse@2.0.1:
    resolution: { integrity: sha1-JG9Q88p4oyQPbJl+ipvR6sSeSzg= }

  base64-js@1.5.1:
    resolution: { integrity: sha1-GxtEAWClv3rUC2UPCVljSBkDkwo= }

  browser-or-node@3.0.0:
    resolution: { integrity: sha1-KxEzVXCyiIfgv1zYV/LoBixq4pM= }

  buffer@6.0.3:
    resolution: { integrity: sha1-Ks5XhFnMj74qcKqo9S7mO2p0xsY= }

  collection-utils@1.0.1:
    resolution: { integrity: sha1-MdFDNkiGdPJ678CnxezKz233gEQ= }

  effect@3.22.1:
    resolution: { integrity: sha1-mmWSKXjDmm5fuwplBFBhSy+0cU4= }

  event-target-shim@5.0.1:
    resolution: { integrity: sha1-XU0+vflYPWOlMzzi3rdICrKwV4k= }
    engines: { node: '>=6' }

  events@3.3.0:
    resolution: { integrity: sha1-Mala0Kkk4tLEGagTrrLE6HjqdAA= }
    engines: { node: '>=0.8.x' }

  fast-check@3.23.2:
    resolution: { integrity: sha1-ASnx635PUA9Y6CkO3IPGcOSldKI= }
    engines: { node: '>=8.0.0' }

  fast-deep-equal@3.1.3:
    resolution: { integrity: sha1-On1WtVnWy8PrUSMlJE5hmmXGxSU= }

  fast-uri@3.1.6:
    resolution: { integrity: sha1-v90wjvdj+DX+0Fnzxskl9wjjPjo= }

  fdir@6.5.0:
    resolution: { integrity: sha1-7Sq5Z6MxreYvGNB32uGSaE1Q01A= }
    engines: { node: '>=12.0.0' }
    peerDependencies:
      picomatch: ^3 || ^4
    peerDependenciesMeta:
      picomatch:
        optional: true

  ieee754@1.2.1:
    resolution: { integrity: sha1-jrehCmP/8l0VpXsAFYbRd9Gw01I= }

  is-url@1.2.4:
    resolution: { integrity: sha1-BKTfRtKMTP89c9Af8Gq+sxihqlI= }

  js-yaml@4.3.2:
    resolution: { integrity: sha1-jkT7FKJkPFlya7FXh7XxUSyz0/s= }
    hasBin: true

  js-yaml@5.4.1:
    resolution: { integrity: sha1-RinZHUtFUfMAQ18OQSeJlxD4Fvs= }
    hasBin: true

  json-schema-to-typescript@16.0.0:
    resolution: { integrity: sha1-upeUFE43OWSRULl+ZhnyjWXpt1c= }
    engines: { node: '>=16.0.0' }
    hasBin: true

  json-schema-traverse@1.0.0:
    resolution: { integrity: sha1-rnvLNlard6c7pcSb9lTzjmtoYOI= }

  lodash@4.18.1:
    resolution: { integrity: sha1-/ytmwfYybVlRPeJAe/iBQ5gSdxw= }

  minimist@1.2.8:
    resolution: { integrity: sha1-waRk52kzAuCCoHXO4MBXdBrEdyw= }

  pako@0.2.9:
    resolution: { integrity: sha1-8/dSL073gjSNqBYbrZ7P1Rv4OnU= }

  picomatch@4.0.7:
    resolution: { integrity: sha1-YxM2ADTMs2s9xh7L3/eBIfkP4h8= }
    engines: { node: '>=12' }

  pluralize@8.0.0:
    resolution: { integrity: sha1-Gm+hajjRKhkB4DIPoBcFHFOc47E= }
    engines: { node: '>=4' }

  prettier@3.9.6:
    resolution: { integrity: sha1-s+pRRlFdQPxT8YqmP3Tfqx4Q2/Y= }
    engines: { node: '>=14' }
    hasBin: true

  process@0.11.10:
    resolution: { integrity: sha1-czIwDoQBYb2j5podHZGn1LwW8YI= }
    engines: { node: '>= 0.6.0' }

  pure-rand@6.1.0:
    resolution: { integrity: sha1-0XPPIyWCMZdsy9sFJHyXh5V2BPI= }

  quicktype-core@26.0.0:
    resolution: { integrity: sha1-SNxICmdSfz7tjljheyeBIY3NDW0= }
    engines: { node: '>=20.0.0' }

  readable-stream@4.5.2:
    resolution: { integrity: sha1-nn/ExFCZuu7ZNL/265e6bPJyngk= }
    engines: { node: ^12.22.0 || ^14.17.0 || >=16.0.0 }

  require-from-string@2.0.2:
    resolution: { integrity: sha1-iaf92TgmEmcxjq/hT5wy5ZjDaQk= }
    engines: { node: '>=0.10.0' }

  safe-buffer@5.1.2:
    resolution: { integrity: sha1-mR7GnSluAxN0fVm9/St0XDX4go0= }

  safe-buffer@5.2.1:
    resolution: { integrity: sha1-Hq+fqb2x/dTsdfWPnNtOa3gn7sY= }

  string_decoder@1.3.0:
    resolution: { integrity: sha1-QvEUWUpGzxqOMLCoT1bHjD7awh4= }

  tiny-inflate@1.0.3:
    resolution: { integrity: sha1-EicVSUkToYBRZqr3yTRnkz7qJsQ= }

  tinyglobby@0.2.17:
    resolution: { integrity: sha1-ViqabJ6ys7Ej05cZ+a9btE/NdjE= }
    engines: { node: '>=12.0.0' }

  typescript@5.9.3:
    resolution: { integrity: sha1-W09Z4VMQqxeiFvXWz1PuR27eZw8= }
    engines: { node: '>=14.17' }
    hasBin: true

  undici-types@8.3.0:
    resolution: { integrity: sha1-ROn8nzJEZIzeo15Pm7LWgelBCAk= }

  unicode-properties@1.4.1:
    resolution: { integrity: sha1-lqnP+35hmg3HNowo2ifgX8j5vl8= }

  unicode-trie@2.0.0:
    resolution: { integrity: sha1-j9iEVpbi4UqLZ9ePqeDdLK1i/sg= }

  urijs@1.19.11:
    resolution: { integrity: sha1-IEsNa2Ba6AvqVL6jkoDNt8n5I8w= }

  wordwrap@1.0.0:
    resolution: { integrity: sha1-J1hIEIkUVqQXHI0CJkQa3pDLyus= }

  yaml@2.9.0:
    resolution: { integrity: sha1-eCdK/ZNZih391hMN9qVm3vy/mqQ= }
    engines: { node: '>= 14.6' }
    hasBin: true

snapshots:

  '@apidevtools/json-schema-ref-parser@11.9.3':
    dependencies:
      '@jsdevtools/ono': 7.1.3
      '@types/json-schema': 7.0.15
      js-yaml: 4.3.2

  '@glideapps/ts-necessities@2.2.3': {}

  '@jsdevtools/ono@7.1.3': {}

  '@standard-schema/spec@1.1.0': {}

  '@types/json-schema@7.0.15': {}

  '@types/lodash@4.17.25': {}

  '@types/node@26.4.1':
    dependencies:
      undici-types: 8.3.0

  '@types/readable-stream@4.0.10':
    dependencies:
      '@types/node': 26.4.1
      safe-buffer: 5.1.2

  '@types/urijs@1.19.26': {}

  abort-controller@3.0.0:
    dependencies:
      event-target-shim: 5.0.1

  ajv-formats@3.0.1(ajv@8.20.0):
    optionalDependencies:
      ajv: 8.20.0

  ajv@8.20.0:
    dependencies:
      fast-deep-equal: 3.1.3
      fast-uri: 3.1.6
      json-schema-traverse: 1.0.0
      require-from-string: 2.0.2

  argparse@2.0.1: {}

  base64-js@1.5.1: {}

  browser-or-node@3.0.0: {}

  buffer@6.0.3:
    dependencies:
      base64-js: 1.5.1
      ieee754: 1.2.1

  collection-utils@1.0.1: {}

  effect@3.22.1:
    dependencies:
      '@standard-schema/spec': 1.1.0
      fast-check: 3.23.2

  event-target-shim@5.0.1: {}

  events@3.3.0: {}

  fast-check@3.23.2:
    dependencies:
      pure-rand: 6.1.0

  fast-deep-equal@3.1.3: {}

  fast-uri@3.1.6: {}

  fdir@6.5.0(picomatch@4.0.7):
    optionalDependencies:
      picomatch: 4.0.7

  ieee754@1.2.1: {}

  is-url@1.2.4: {}

  js-yaml@4.3.2:
    dependencies:
      argparse: 2.0.1

  js-yaml@5.4.1:
    dependencies:
      argparse: 2.0.1

  json-schema-to-typescript@16.0.0:
    dependencies:
      '@apidevtools/json-schema-ref-parser': 11.9.3
      '@types/json-schema': 7.0.15
      '@types/lodash': 4.17.25
      js-yaml: 5.4.1
      lodash: 4.18.1
      minimist: 1.2.8
      prettier: 3.9.6
      tinyglobby: 0.2.17

  json-schema-traverse@1.0.0: {}

  lodash@4.18.1: {}

  minimist@1.2.8: {}

  pako@0.2.9: {}

  picomatch@4.0.7: {}

  pluralize@8.0.0: {}

  prettier@3.9.6: {}

  process@0.11.10: {}

  pure-rand@6.1.0: {}

  quicktype-core@26.0.0:
    dependencies:
      '@glideapps/ts-necessities': 2.2.3
      '@types/readable-stream': 4.0.10
      '@types/urijs': 1.19.26
      browser-or-node: 3.0.0
      collection-utils: 1.0.1
      is-url: 1.2.4
      lodash: 4.18.1
      pluralize: 8.0.0
      readable-stream: 4.5.2
      unicode-properties: 1.4.1
      urijs: 1.19.11
      wordwrap: 1.0.0
      yaml: 2.9.0

  readable-stream@4.5.2:
    dependencies:
      abort-controller: 3.0.0
      buffer: 6.0.3
      events: 3.3.0
      process: 0.11.10
      string_decoder: 1.3.0

  require-from-string@2.0.2: {}

  safe-buffer@5.1.2: {}

  safe-buffer@5.2.1: {}

  string_decoder@1.3.0:
    dependencies:
      safe-buffer: 5.2.1

  tiny-inflate@1.0.3: {}

  tinyglobby@0.2.17:
    dependencies:
      fdir: 6.5.0(picomatch@4.0.7)
      picomatch: 4.0.7

  typescript@5.9.3: {}

  undici-types@8.3.0: {}

  unicode-properties@1.4.1:
    dependencies:
      base64-js: 1.5.1
      unicode-trie: 2.0.0

  unicode-trie@2.0.0:
    dependencies:
      pako: 0.2.9
      tiny-inflate: 1.0.3

  urijs@1.19.11: {}

  wordwrap@1.0.0: {}

  yaml@2.9.0: {}
